
Microsoft Visual Studio Solution File, Format Version 12.00
# Visual Studio Version 17
VisualStudioVersion = 17.6.33815.320
MinimumVisualStudioVersion = 10.0.40219.1
Project("{FAE04EC0-301F-11D3-BF4B-00C04F79EFBC}") = "RawAudioRecorder", "RawAudioRecorder.csproj", "{8971A3D7-DB5E-4434-95C3-8D529F8E38EB}"
EndProject
Global
	GlobalSection(SolutionConfigurationPlatforms) = preSolution
		Debug|Any CPU = Debug|Any CPU
		Debug|x64 = Debug|x64
		Release|Any CPU = Release|Any CPU
		Release|x64 = Release|x64
	EndGlobalSection
	GlobalSection(ProjectConfigurationPlatforms) = postSolution
		{8971A3D7-DB5E-4434-95C3-8D529F8E38EB}.Debug|Any CPU.ActiveCfg = Debug|Any CPU
		{8971A3D7-DB5E-4434-95C3-8D529F8E38EB}.Debug|Any CPU.Build.0 = Debug|Any CPU
		{8971A3D7-DB5E-4434-95C3-8D529F8E38EB}.Debug|x64.ActiveCfg = Debug|x64
		{8971A3D7-DB5E-4434-95C3-8D529F8E38EB}.Debug|x64.Build.0 = Debug|x64
		{8971A3D7-DB5E-4434-95C3-8D529F8E38EB}.Release|Any CPU.ActiveCfg = Release|Any CPU
		{8971A3D7-DB5E-4434-95C3-8D529F8E38EB}.Release|Any CPU.Build.0 = Release|Any CPU
		{8971A3D7-DB5E-4434-95C3-8D529F8E38EB}.Release|x64.ActiveCfg = Release|x64
		{8971A3D7-DB5E-4434-95C3-8D529F8E38EB}.Release|x64.Build.0 = Release|x64
	EndGlobalSection
	GlobalSection(SolutionProperties) = preSolution
		HideSolutionNode = FALSE
	EndGlobalSection
	GlobalSection(ExtensibilityGlobals) = postSolution
		SolutionGuid = {D4AA167B-7F6B-48D0-8BC4-975A50C835F8}
	EndGlobalSection
EndGlobal
